# This file is automatically @generated by Cargo.
# It is not intended for manual editing.
version = 3

[[package]]
name = "cc"
version = "1.1.5"
source = "registry+https://github.com/rust-lang/crates.io-index"
checksum = "324c74f2155653c90b04f25b2a47a8a631360cb908f92a772695f430c7e31052"

[[package]]
name = "libc"
version = "0.2.155"
source = "registry+https://github.com/rust-lang/crates.io-index"
checksum = "97b3888a4aecf77e811145cadf6eef5901f4782c53886191b2f693f24761847c"

[[package]]
name = "sketchybar-rs"
version = "0.2.0"
dependencies = [
 "cc",
 "libc",
]
